
Microsoft Visual Studio Solution File, Format Version 12.00
# Visual Studio Version 17
VisualStudioVersion = 17.6.33829.357
MinimumVisualStudioVersion = 10.0.40219.1
Project("{9A19103F-16F7-4668-BE54-9A1E7A4F7556}") = "Fine.Api", "Fine.Api\Fine.Api.csproj", "{9FFF6F35-1F24-417D-A4B6-7F363F925593}"
EndProject
Project("{FAE04EC0-301F-11D3-BF4B-00C04F79EFBC}") = "FineApi.Domain", "FineApi.Domain\FineApi.Domain.csproj", "{0A2ACC39-E796-4B45-A9FA-C12248AA2AA6}"
EndProject
Project("{FAE04EC0-301F-11D3-BF4B-00C04F79EFBC}") = "FineApi.Dal", "FineApi.Dal\FineApi.Dal.csproj", "{890ACB11-5137-4570-83DF-6CC02C266C80}"
EndProject
Project("{FAE04EC0-301F-11D3-BF4B-00C04F79EFBC}") = "FineApi.Service", "FineApi.Service\FineApi.Service.csproj", "{495C0F36-D636-4F64-BE3E-D85BBA18C070}"
EndProject
Global
	GlobalSection(SolutionConfigurationPlatforms) = preSolution
		Debug|Any CPU = Debug|Any CPU
		Release|Any CPU = Release|Any CPU
	EndGlobalSection
	GlobalSection(ProjectConfigurationPlatforms) = postSolution
		{9FFF6F35-1F24-417D-A4B6-7F363F925593}.Debug|Any CPU.ActiveCfg = Debug|Any CPU
		{9FFF6F35-1F24-417D-A4B6-7F363F925593}.Debug|Any CPU.Build.0 = Debug|Any CPU
		{9FFF6F35-1F24-417D-A4B6-7F363F925593}.Release|Any CPU.ActiveCfg = Release|Any CPU
		{9FFF6F35-1F24-417D-A4B6-7F363F925593}.Release|Any CPU.Build.0 = Release|Any CPU
		{0A2ACC39-E796-4B45-A9FA-C12248AA2AA6}.Debug|Any CPU.ActiveCfg = Debug|Any CPU
		{0A2ACC39-E796-4B45-A9FA-C12248AA2AA6}.Debug|Any CPU.Build.0 = Debug|Any CPU
		{0A2ACC39-E796-4B45-A9FA-C12248AA2AA6}.Release|Any CPU.ActiveCfg = Release|Any CPU
		{0A2ACC39-E796-4B45-A9FA-C12248AA2AA6}.Release|Any CPU.Build.0 = Release|Any CPU
		{890ACB11-5137-4570-83DF-6CC02C266C80}.Debug|Any CPU.ActiveCfg = Debug|Any CPU
		{890ACB11-5137-4570-83DF-6CC02C266C80}.Debug|Any CPU.Build.0 = Debug|Any CPU
		{890ACB11-5137-4570-83DF-6CC02C266C80}.Release|Any CPU.ActiveCfg = Release|Any CPU
		{890ACB11-5137-4570-83DF-6CC02C266C80}.Release|Any CPU.Build.0 = Release|Any CPU
		{495C0F36-D636-4F64-BE3E-D85BBA18C070}.Debug|Any CPU.ActiveCfg = Debug|Any CPU
		{495C0F36-D636-4F64-BE3E-D85BBA18C070}.Debug|Any CPU.Build.0 = Debug|Any CPU
		{495C0F36-D636-4F64-BE3E-D85BBA18C070}.Release|Any CPU.ActiveCfg = Release|Any CPU
		{495C0F36-D636-4F64-BE3E-D85BBA18C070}.Release|Any CPU.Build.0 = Release|Any CPU
	EndGlobalSection
	GlobalSection(SolutionProperties) = preSolution
		HideSolutionNode = FALSE
	EndGlobalSection
	GlobalSection(ExtensibilityGlobals) = postSolution
		SolutionGuid = {C4C21280-E6AD-446C-9FBA-0EF53DC1BC06}
	EndGlobalSection
EndGlobal
